
Microsoft Visual Studio Solution File, Format Version 12.00
# Visual Studio Version 17
VisualStudioVersion = 17.5.002.0
MinimumVisualStudioVersion = 10.0.40219.1
Project("{9A19103F-16F7-4668-BE54-9A1E7A4F7556}") = "Prep1", "Prep1.csproj", "{99349F8F-D96E-4BA1-BC74-D181694F9F86}"
EndProject
Global
	GlobalSection(SolutionConfigurationPlatforms) = preSolution
		Debug|Any CPU = Debug|Any CPU
		Release|Any CPU = Release|Any CPU
	EndGlobalSection
	GlobalSection(ProjectConfigurationPlatforms) = postSolution
		{99349F8F-D96E-4BA1-BC74-D181694F9F86}.Debug|Any CPU.ActiveCfg = Debug|Any CPU
		{99349F8F-D96E-4BA1-BC74-D181694F9F86}.Debug|Any CPU.Build.0 = Debug|Any CPU
		{99349F8F-D96E-4BA1-BC74-D181694F9F86}.Release|Any CPU.ActiveCfg = Release|Any CPU
		{99349F8F-D96E-4BA1-BC74-D181694F9F86}.Release|Any CPU.Build.0 = Release|Any CPU
	EndGlobalSection
	GlobalSection(SolutionProperties) = preSolution
		HideSolutionNode = FALSE
	EndGlobalSection
	GlobalSection(ExtensibilityGlobals) = postSolution
		SolutionGuid = {799F58A3-1093-4BA2-AA3F-382B31CE4F29}
	EndGlobalSection
EndGlobal
